// !$*UTF8*$!
{
	archiveVersion = 1;
	classes = {
	};
	objectVersion = 56;
	objects = {

/* Begin PBXBuildFile section */
		50BF9FD22B27446B0064FAA2 /* AppDelegate.swift in Sources */ = {isa = PBXBuildFile; fileRef = 50BF9FD12B27446B0064FAA2 /* AppDelegate.swift */; };
		50BF9FD42B27446C0064FAA2 /* Assets.xcassets in Resources */ = {isa = PBXBuildFile; fileRef = 50BF9FD32B27446C0064FAA2 /* Assets.xcassets */; };
		50BF9FD72B27446C0064FAA2 /* MainMenu.xib in Resources */ = {isa = PBXBuildFile; fileRef = 50BF9FD52B27446C0064FAA2 /* MainMenu.xib */; };
		50BF9FE12B2744AF0064FAA2 /* URLSchemer in Frameworks */ = {isa = PBXBuildFile; productRef = 50BF9FE02B2744AF0064FAA2 /* URLSchemer */; };
		50BF9FE32B2748A80064FAA2 /* URLComponentParser.swift in Sources */ = {isa = PBXBuildFile; fileRef = 50BF9FE22B2748A80064FAA2 /* URLComponentParser.swift */; };
		50BF9FE72B2770FA0064FAA2 /* OpenAnyError.swift in Sources */ = {isa = PBXBuildFile; fileRef = 50BF9FE62B2770FA0064FAA2 /* OpenAnyError.swift */; };
		50BF9FE92B2771080064FAA2 /* PerformAction.swift in Sources */ = {isa = PBXBuildFile; fileRef = 50BF9FE82B2771080064FAA2 /* PerformAction.swift */; };
/* End PBXBuildFile section */

/* Begin PBXFileReference section */
		50BF9FCE2B27446B0064FAA2 /* OpenAny.app */ = {isa = PBXFileReference; explicitFileType = wrapper.application; includeInIndex = 0; path = OpenAny.app; sourceTree = BUILT_PRODUCTS_DIR; };
		50BF9FD12B27446B0064FAA2 /* AppDelegate.swift */ = {isa = PBXFileReference; lastKnownFileType = sourcecode.swift; path = AppDelegate.swift; sourceTree = "<group>"; };
		50BF9FD32B27446C0064FAA2 /* Assets.xcassets */ = {isa = PBXFileReference; lastKnownFileType = folder.assetcatalog; path = Assets.xcassets; sourceTree = "<group>"; };
		50BF9FD62B27446C0064FAA2 /* Base */ = {isa = PBXFileReference; lastKnownFileType = file.xib; name = Base; path = Base.lproj/MainMenu.xib; sourceTree = "<group>"; };
		50BF9FD82B27446C0064FAA2 /* OpenAny.entitlements */ = {isa = PBXFileReference; lastKnownFileType = text.plist.entitlements; path = OpenAny.entitlements; sourceTree = "<group>"; };
		50BF9FDE2B27448A0064FAA2 /* Info.plist */ = {isa = PBXFileReference; lastKnownFileType = text.plist; path = Info.plist; sourceTree = "<group>"; };
		50BF9FE22B2748A80064FAA2 /* URLComponentParser.swift */ = {isa = PBXFileReference; lastKnownFileType = sourcecode.swift; path = URLComponentParser.swift; sourceTree = "<group>"; };
		50BF9FE52B276CA70064FAA2 /* README.md */ = {isa = PBXFileReference; lastKnownFileType = net.daringfireball.markdown; path = README.md; sourceTree = "<group>"; };
		50BF9FE62B2770FA0064FAA2 /* OpenAnyError.swift */ = {isa = PBXFileReference; lastKnownFileType = sourcecode.swift; path = OpenAnyError.swift; sourceTree = "<group>"; };
		50BF9FE82B2771080064FAA2 /* PerformAction.swift */ = {isa = PBXFileReference; lastKnownFileType = sourcecode.swift; path = PerformAction.swift; sourceTree = "<group>"; };
/* End PBXFileReference section */

/* Begin PBXFrameworksBuildPhase section */
		50BF9FCB2B27446B0064FAA2 /* Frameworks */ = {
			isa = PBXFrameworksBuildPhase;
			buildActionMask = 2147483647;
			files = (
				50BF9FE12B2744AF0064FAA2 /* URLSchemer in Frameworks */,
			);
			runOnlyForDeploymentPostprocessing = 0;
		};
/* End PBXFrameworksBuildPhase section */

/* Begin PBXGroup section */
		50BF9FC52B27446B0064FAA2 = {
			isa = PBXGroup;
			children = (
				50BF9FE52B276CA70064FAA2 /* README.md */,
				50BF9FD02B27446B0064FAA2 /* OpenAny */,
				50BF9FCF2B27446B0064FAA2 /* Products */,
			);
			sourceTree = "<group>";
		};
		50BF9FCF2B27446B0064FAA2 /* Products */ = {
			isa = PBXGroup;
			children = (
				50BF9FCE2B27446B0064FAA2 /* OpenAny.app */,
			);
			name = Products;
			sourceTree = "<group>";
		};
		50BF9FD02B27446B0064FAA2 /* OpenAny */ = {
			isa = PBXGroup;
			children = (
				50BF9FDE2B27448A0064FAA2 /* Info.plist */,
				50BF9FD12B27446B0064FAA2 /* AppDelegate.swift */,
				50BF9FE82B2771080064FAA2 /* PerformAction.swift */,
				50BF9FE62B2770FA0064FAA2 /* OpenAnyError.swift */,
				50BF9FE22B2748A80064FAA2 /* URLComponentParser.swift */,
				50BF9FD32B27446C0064FAA2 /* Assets.xcassets */,
				50BF9FD52B27446C0064FAA2 /* MainMenu.xib */,
				50BF9FD82B27446C0064FAA2 /* OpenAny.entitlements */,
			);
			path = OpenAny;
			sourceTree = "<group>";
		};
/* End PBXGroup section */

/* Begin PBXNativeTarget section */
		50BF9FCD2B27446B0064FAA2 /* OpenAny */ = {
			isa = PBXNativeTarget;
			buildConfigurationList = 50BF9FDB2B27446C0064FAA2 /* Build configuration list for PBXNativeTarget "OpenAny" */;
			buildPhases = (
				50BF9FCA2B27446B0064FAA2 /* Sources */,
				50BF9FCB2B27446B0064FAA2 /* Frameworks */,
				50BF9FCC2B27446B0064FAA2 /* Resources */,
			);
			buildRules = (
			);
			dependencies = (
			);
			name = OpenAny;
			packageProductDependencies = (
				50BF9FE02B2744AF0064FAA2 /* URLSchemer */,
			);
			productName = OpenAny;
			productReference = 50BF9FCE2B27446B0064FAA2 /* OpenAny.app */;
			productType = "com.apple.product-type.application";
		};
/* End PBXNativeTarget section */

/* Begin PBXProject section */
		50BF9FC62B27446B0064FAA2 /* Project object */ = {
			isa = PBXProject;
			attributes = {
				BuildIndependentTargetsInParallel = 1;
				LastSwiftUpdateCheck = 1500;
				LastUpgradeCheck = 1500;
				TargetAttributes = {
					50BF9FCD2B27446B0064FAA2 = {
						CreatedOnToolsVersion = 15.0.1;
					};
				};
			};
			buildConfigurationList = 50BF9FC92B27446B0064FAA2 /* Build configuration list for PBXProject "OpenAny" */;
			compatibilityVersion = "Xcode 14.0";
			developmentRegion = en;
			hasScannedForEncodings = 0;
			knownRegions = (
				en,
				Base,
			);
			mainGroup = 50BF9FC52B27446B0064FAA2;
			packageReferences = (
				50BF9FDF2B2744AF0064FAA2 /* XCRemoteSwiftPackageReference "URLSchemer" */,
			);
			productRefGroup = 50BF9FCF2B27446B0064FAA2 /* Products */;
			projectDirPath = "";
			projectRoot = "";
			targets = (
				50BF9FCD2B27446B0064FAA2 /* OpenAny */,
			);
		};
/* End PBXProject section */

/* Begin PBXResourcesBuildPhase section */
		50BF9FCC2B27446B0064FAA2 /* Resources */ = {
			isa = PBXResourcesBuildPhase;
			buildActionMask = 2147483647;
			files = (
				50BF9FD42B27446C0064FAA2 /* Assets.xcassets in Resources */,
				50BF9FD72B27446C0064FAA2 /* MainMenu.xib in Resources */,
			);
			runOnlyForDeploymentPostprocessing = 0;
		};
/* End PBXResourcesBuildPhase section */

/* Begin PBXSourcesBuildPhase section */
		50BF9FCA2B27446B0064FAA2 /* Sources */ = {
			isa = PBXSourcesBuildPhase;
			buildActionMask = 2147483647;
			files = (
				50BF9FE32B2748A80064FAA2 /* URLComponentParser.swift in Sources */,
				50BF9FD22B27446B0064FAA2 /* AppDelegate.swift in Sources */,
				50BF9FE72B2770FA0064FAA2 /* OpenAnyError.swift in Sources */,
				50BF9FE92B2771080064FAA2 /* PerformAction.swift in Sources */,
			);
			runOnlyForDeploymentPostprocessing = 0;
		};
/* End PBXSourcesBuildPhase section */

/* Begin PBXVariantGroup section */
		50BF9FD52B27446C0064FAA2 /* MainMenu.xib */ = {
			isa = PBXVariantGroup;
			children = (
				50BF9FD62B27446C0064FAA2 /* Base */,
			);
			name = MainMenu.xib;
			sourceTree = "<group>";
		};
/* End PBXVariantGroup section */

/* Begin XCBuildConfiguration section */
		50BF9FD92B27446C0064FAA2 /* Debug */ = {
			isa = XCBuildConfiguration;
			buildSettings = {
				ALWAYS_SEARCH_USER_PATHS = NO;
				ASSETCATALOG_COMPILER_GENERATE_SWIFT_ASSET_SYMBOL_EXTENSIONS = YES;
				CLANG_ANALYZER_NONNULL = YES;
				CLANG_ANALYZER_NUMBER_OBJECT_CONVERSION = YES_AGGRESSIVE;
				CLANG_CXX_LANGUAGE_STANDARD = "gnu++20";
				CLANG_ENABLE_MODULES = YES;
				CLANG_ENABLE_OBJC_ARC = YES;
				CLANG_ENABLE_OBJC_WEAK = YES;
				CLANG_WARN_BLOCK_CAPTURE_AUTORELEASING = YES;
				CLANG_WARN_BOOL_CONVERSION = YES;
				CLANG_WARN_COMMA = YES;
				CLANG_WARN_CONSTANT_CONVERSION = YES;
				CLANG_WARN_DEPRECATED_OBJC_IMPLEMENTATIONS = YES;
				CLANG_WARN_DIRECT_OBJC_ISA_USAGE = YES_ERROR;
				CLANG_WARN_DOCUMENTATION_COMMENTS = YES;
				CLANG_WARN_EMPTY_BODY = YES;
				CLANG_WARN_ENUM_CONVERSION = YES;
				CLANG_WARN_INFINITE_RECURSION = YES;
				CLANG_WARN_INT_CONVERSION = YES;
				CLANG_WARN_NON_LITERAL_NULL_CONVERSION = YES;
				CLANG_WARN_OBJC_IMPLICIT_RETAIN_SELF = YES;
				CLANG_WARN_OBJC_LITERAL_CONVERSION = YES;
				CLANG_WARN_OBJC_ROOT_CLASS = YES_ERROR;
				CLANG_WARN_QUOTED_INCLUDE_IN_FRAMEWORK_HEADER = YES;
				CLANG_WARN_RANGE_LOOP_ANALYSIS = YES;
				CLANG_WARN_STRICT_PROTOTYPES = YES;
				CLANG_WARN_SUSPICIOUS_MOVE = YES;
				CLANG_WARN_UNGUARDED_AVAILABILITY = YES_AGGRESSIVE;
				CLANG_WARN_UNREACHABLE_CODE = YES;
				CLANG_WARN__DUPLICATE_METHOD_MATCH = YES;
				COPY_PHASE_STRIP = NO;
				DEBUG_INFORMATION_FORMAT = dwarf;
				ENABLE_STRICT_OBJC_MSGSEND = YES;
				ENABLE_TESTABILITY = YES;
				ENABLE_USER_SCRIPT_SANDBOXING = YES;
				GCC_C_LANGUAGE_STANDARD = gnu17;
				GCC_DYNAMIC_NO_PIC = NO;
				GCC_NO_COMMON_BLOCKS = YES;
				GCC_OPTIMIZATION_LEVEL = 0;
				GCC_PREPROCESSOR_DEFINITIONS = (
					"DEBUG=1",
					"$(inherited)",
				);
				GCC_WARN_64_TO_32_BIT_CONVERSION = YES;
				GCC_WARN_ABOUT_RETURN_TYPE = YES_ERROR;
				GCC_WARN_UNDECLARED_SELECTOR = YES;
				GCC_WARN_UNINITIALIZED_AUTOS = YES_AGGRESSIVE;
				GCC_WARN_UNUSED_FUNCTION = YES;
				GCC_WARN_UNUSED_VARIABLE = YES;
				LOCALIZATION_PREFERS_STRING_CATALOGS = YES;
				MACOSX_DEPLOYMENT_TARGET = 13.6;
				MTL_ENABLE_DEBUG_INFO = INCLUDE_SOURCE;
				MTL_FAST_MATH = YES;
				ONLY_ACTIVE_ARCH = YES;
				SDKROOT = macosx;
				SWIFT_ACTIVE_COMPILATION_CONDITIONS = "DEBUG $(inherited)";
				SWIFT_OPTIMIZATION_LEVEL = "-Onone";
			};
			name = Debug;
		};
		50BF9FDA2B27446C0064FAA2 /* Release */ = {
			isa = XCBuildConfiguration;
			buildSettings = {
				ALWAYS_SEARCH_USER_PATHS = NO;
				ASSETCATALOG_COMPILER_GENERATE_SWIFT_ASSET_SYMBOL_EXTENSIONS = YES;
				CLANG_ANALYZER_NONNULL = YES;
				CLANG_ANALYZER_NUMBER_OBJECT_CONVERSION = YES_AGGRESSIVE;
				CLANG_CXX_LANGUAGE_STANDARD = "gnu++20";
				CLANG_ENABLE_MODULES = YES;
				CLANG_ENABLE_OBJC_ARC = YES;
				CLANG_ENABLE_OBJC_WEAK = YES;
				CLANG_WARN_BLOCK_CAPTURE_AUTORELEASING = YES;
				CLANG_WARN_BOOL_CONVERSION = YES;
				CLANG_WARN_COMMA = YES;
				CLANG_WARN_CONSTANT_CONVERSION = YES;
				CLANG_WARN_DEPRECATED_OBJC_IMPLEMENTATIONS = YES;
				CLANG_WARN_DIRECT_OBJC_ISA_USAGE = YES_ERROR;
				CLANG_WARN_DOCUMENTATION_COMMENTS = YES;
				CLANG_WARN_EMPTY_BODY = YES;
				CLANG_WARN_ENUM_CONVERSION = YES;
				CLANG_WARN_INFINITE_RECURSION = YES;
				CLANG_WARN_INT_CONVERSION = YES;
				CLANG_WARN_NON_LITERAL_NULL_CONVERSION = YES;
				CLANG_WARN_OBJC_IMPLICIT_RETAIN_SELF = YES;
				CLANG_WARN_OBJC_LITERAL_CONVERSION = YES;
				CLANG_WARN_OBJC_ROOT_CLASS = YES_ERROR;
				CLANG_WARN_QUOTED_INCLUDE_IN_FRAMEWORK_HEADER = YES;
				CLANG_WARN_RANGE_LOOP_ANALYSIS = YES;
				CLANG_WARN_STRICT_PROTOTYPES = YES;
				CLANG_WARN_SUSPICIOUS_MOVE = YES;
				CLANG_WARN_UNGUARDED_AVAILABILITY = YES_AGGRESSIVE;
				CLANG_WARN_UNREACHABLE_CODE = YES;
				CLANG_WARN__DUPLICATE_METHOD_MATCH = YES;
				COPY_PHASE_STRIP = NO;
				DEBUG_INFORMATION_FORMAT = "dwarf-with-dsym";
				ENABLE_NS_ASSERTIONS = NO;
				ENABLE_STRICT_OBJC_MSGSEND = YES;
				ENABLE_USER_SCRIPT_SANDBOXING = YES;
				GCC_C_LANGUAGE_STANDARD = gnu17;
				GCC_NO_COMMON_BLOCKS = YES;
				GCC_WARN_64_TO_32_BIT_CONVERSION = YES;
				GCC_WARN_ABOUT_RETURN_TYPE = YES_ERROR;
				GCC_WARN_UNDECLARED_SELECTOR = YES;
				GCC_WARN_UNINITIALIZED_AUTOS = YES_AGGRESSIVE;
				GCC_WARN_UNUSED_FUNCTION = YES;
				GCC_WARN_UNUSED_VARIABLE = YES;
				LOCALIZATION_PREFERS_STRING_CATALOGS = YES;
				MACOSX_DEPLOYMENT_TARGET = 13.6;
				MTL_ENABLE_DEBUG_INFO = NO;
				MTL_FAST_MATH = YES;
				SDKROOT = macosx;
				SWIFT_COMPILATION_MODE = wholemodule;
			};
			name = Release;
		};
		50BF9FDC2B27446C0064FAA2 /* Debug */ = {
			isa = XCBuildConfiguration;
			buildSettings = {
				ASSETCATALOG_COMPILER_APPICON_NAME = AppIcon;
				ASSETCATALOG_COMPILER_GLOBAL_ACCENT_COLOR_NAME = AccentColor;
				CODE_SIGN_ENTITLEMENTS = OpenAny/OpenAny.entitlements;
				CODE_SIGN_STYLE = Automatic;
				COMBINE_HIDPI_IMAGES = YES;
				CURRENT_PROJECT_VERSION = 1;
				DEVELOPMENT_TEAM = FRMDA3XRGC;
				ENABLE_HARDENED_RUNTIME = YES;
				GENERATE_INFOPLIST_FILE = YES;
				INFOPLIST_FILE = OpenAny/Info.plist;
				INFOPLIST_KEY_NSHumanReadableCopyright = "";
				INFOPLIST_KEY_NSMainNibFile = MainMenu;
				INFOPLIST_KEY_NSPrincipalClass = NSApplication;
				LD_RUNPATH_SEARCH_PATHS = (
					"$(inherited)",
					"@executable_path/../Frameworks",
				);
				MACOSX_DEPLOYMENT_TARGET = 12.0;
				MARKETING_VERSION = 1.0;
				PRODUCT_BUNDLE_IDENTIFIER = de.christiantietze.OpenAny;
				PRODUCT_NAME = "$(TARGET_NAME)";
				SWIFT_EMIT_LOC_STRINGS = YES;
				SWIFT_VERSION = 5.0;
			};
			name = Debug;
		};
		50BF9FDD2B27446C0064FAA2 /* Release */ = {
			isa = XCBuildConfiguration;
			buildSettings = {
				ASSETCATALOG_COMPILER_APPICON_NAME = AppIcon;
				ASSETCATALOG_COMPILER_GLOBAL_ACCENT_COLOR_NAME = AccentColor;
				CODE_SIGN_ENTITLEMENTS = OpenAny/OpenAny.entitlements;
				CODE_SIGN_STYLE = Automatic;
				COMBINE_HIDPI_IMAGES = YES;
				CURRENT_PROJECT_VERSION = 1;
				DEVELOPMENT_TEAM = FRMDA3XRGC;
				ENABLE_HARDENED_RUNTIME = YES;
				GENERATE_INFOPLIST_FILE = YES;
				INFOPLIST_FILE = OpenAny/Info.plist;
				INFOPLIST_KEY_NSHumanReadableCopyright = "";
				INFOPLIST_KEY_NSMainNibFile = MainMenu;
				INFOPLIST_KEY_NSPrincipalClass = NSApplication;
				LD_RUNPATH_SEARCH_PATHS = (
					"$(inherited)",
					"@executable_path/../Frameworks",
				);
				MACOSX_DEPLOYMENT_TARGET = 12.0;
				MARKETING_VERSION = 1.0;
				PRODUCT_BUNDLE_IDENTIFIER = de.christiantietze.OpenAny;
				PRODUCT_NAME = "$(TARGET_NAME)";
				SWIFT_EMIT_LOC_STRINGS = YES;
				SWIFT_VERSION = 5.0;
			};
			name = Release;
		};
/* End XCBuildConfiguration section */

/* Begin XCConfigurationList section */
		50BF9FC92B27446B0064FAA2 /* Build configuration list for PBXProject "OpenAny" */ = {
			isa = XCConfigurationList;
			buildConfigurations = (
				50BF9FD92B27446C0064FAA2 /* Debug */,
				50BF9FDA2B27446C0064FAA2 /* Release */,
			);
			defaultConfigurationIsVisible = 0;
			defaultConfigurationName = Release;
		};
		50BF9FDB2B27446C0064FAA2 /* Build configuration list for PBXNativeTarget "OpenAny" */ = {
			isa = XCConfigurationList;
			buildConfigurations = (
				50BF9FDC2B27446C0064FAA2 /* Debug */,
				50BF9FDD2B27446C0064FAA2 /* Release */,
			);
			defaultConfigurationIsVisible = 0;
			defaultConfigurationName = Release;
		};
/* End XCConfigurationList section */

/* Begin XCRemoteSwiftPackageReference section */
		50BF9FDF2B2744AF0064FAA2 /* XCRemoteSwiftPackageReference "URLSchemer" */ = {
			isa = XCRemoteSwiftPackageReference;
			repositoryURL = "https://github.com/CleanCocoa/URLSchemer.git";
			requirement = {
				kind = upToNextMajorVersion;
				minimumVersion = 1.1.0;
			};
		};
/* End XCRemoteSwiftPackageReference section */

/* Begin XCSwiftPackageProductDependency section */
		50BF9FE02B2744AF0064FAA2 /* URLSchemer */ = {
			isa = XCSwiftPackageProductDependency;
			package = 50BF9FDF2B2744AF0064FAA2 /* XCRemoteSwiftPackageReference "URLSchemer" */;
			productName = URLSchemer;
		};
/* End XCSwiftPackageProductDependency section */
	};
	rootObject = 50BF9FC62B27446B0064FAA2 /* Project object */;
}
